
Microsoft Visual Studio Solution File, Format Version 12.00
# Visual Studio Version 17
VisualStudioVersion = 17.6.33723.286
MinimumVisualStudioVersion = 10.0.40219.1
Project("{9A19103F-16F7-4668-BE54-9A1E7A4F7556}") = "Assignment", "Assignment\Assignment.csproj", "{51941611-A343-474F-9E49-EBBDEC46F94A}"
EndProject
Project("{9A19103F-16F7-4668-BE54-9A1E7A4F7556}") = "AssignmentTests", "AssignmentTests\AssignmentTests.csproj", "{87980C2B-47FA-4E71-BC88-2711266CE894}"
EndProject
Global
	GlobalSection(SolutionConfigurationPlatforms) = preSolution
		Debug|Any CPU = Debug|Any CPU
		Release|Any CPU = Release|Any CPU
	EndGlobalSection
	GlobalSection(ProjectConfigurationPlatforms) = postSolution
		{51941611-A343-474F-9E49-EBBDEC46F94A}.Debug|Any CPU.ActiveCfg = Debug|Any CPU
		{51941611-A343-474F-9E49-EBBDEC46F94A}.Debug|Any CPU.Build.0 = Debug|Any CPU
		{51941611-A343-474F-9E49-EBBDEC46F94A}.Release|Any CPU.ActiveCfg = Release|Any CPU
		{51941611-A343-474F-9E49-EBBDEC46F94A}.Release|Any CPU.Build.0 = Release|Any CPU
		{87980C2B-47FA-4E71-BC88-2711266CE894}.Debug|Any CPU.ActiveCfg = Debug|Any CPU
		{87980C2B-47FA-4E71-BC88-2711266CE894}.Debug|Any CPU.Build.0 = Debug|Any CPU
		{87980C2B-47FA-4E71-BC88-2711266CE894}.Release|Any CPU.ActiveCfg = Release|Any CPU
		{87980C2B-47FA-4E71-BC88-2711266CE894}.Release|Any CPU.Build.0 = Release|Any CPU
	EndGlobalSection
	GlobalSection(SolutionProperties) = preSolution
		HideSolutionNode = FALSE
	EndGlobalSection
	GlobalSection(ExtensibilityGlobals) = postSolution
		SolutionGuid = {A3654D05-7671-4925-96E5-A5556A43B111}
	EndGlobalSection
EndGlobal
